
Microsoft Visual Studio Solution File, Format Version 12.00
# Visual Studio Version 17
VisualStudioVersion = 17.8.34309.116
MinimumVisualStudioVersion = 10.0.40219.1
Project("{FAE04EC0-301F-11D3-BF4B-00C04F79EFBC}") = "ArrayLibrary", "ArrayLibrary\ArrayLibrary.csproj", "{9E73647E-0630-4986-9B0A-F236DC549E51}"
EndProject
Project("{FAE04EC0-301F-11D3-BF4B-00C04F79EFBC}") = "Tests", "Tests\Tests.csproj", "{B3E77D4E-4774-4A74-B985-EB73A461305E}"
EndProject
Global
	GlobalSection(SolutionConfigurationPlatforms) = preSolution
		Debug|Any CPU = Debug|Any CPU
		Release|Any CPU = Release|Any CPU
	EndGlobalSection
	GlobalSection(ProjectConfigurationPlatforms) = postSolution
		{9E73647E-0630-4986-9B0A-F236DC549E51}.Debug|Any CPU.ActiveCfg = Debug|Any CPU
		{9E73647E-0630-4986-9B0A-F236DC549E51}.Debug|Any CPU.Build.0 = Debug|Any CPU
		{9E73647E-0630-4986-9B0A-F236DC549E51}.Release|Any CPU.ActiveCfg = Release|Any CPU
		{9E73647E-0630-4986-9B0A-F236DC549E51}.Release|Any CPU.Build.0 = Release|Any CPU
		{B3E77D4E-4774-4A74-B985-EB73A461305E}.Debug|Any CPU.ActiveCfg = Debug|Any CPU
		{B3E77D4E-4774-4A74-B985-EB73A461305E}.Debug|Any CPU.Build.0 = Debug|Any CPU
		{B3E77D4E-4774-4A74-B985-EB73A461305E}.Release|Any CPU.ActiveCfg = Release|Any CPU
		{B3E77D4E-4774-4A74-B985-EB73A461305E}.Release|Any CPU.Build.0 = Release|Any CPU
	EndGlobalSection
	GlobalSection(SolutionProperties) = preSolution
		HideSolutionNode = FALSE
	EndGlobalSection
	GlobalSection(ExtensibilityGlobals) = postSolution
		SolutionGuid = {95214F56-A959-4463-A418-061E61443692}
	EndGlobalSection
EndGlobal
